
Microsoft Visual Studio Solution File, Format Version 12.00
# Visual Studio 15
VisualStudioVersion = 15.0.28010.2041
MinimumVisualStudioVersion = 10.0.40219.1
Project("{FAE04EC0-301F-11D3-BF4B-00C04F79EFBC}") = "TwitchCameraMover", "TwitchCameraMover\TwitchCameraMover.csproj", "{C21EDF61-D39C-4094-B10E-B07DC9F4A264}"
EndProject
Global
	GlobalSection(SolutionConfigurationPlatforms) = preSolution
		Debug|Any CPU = Debug|Any CPU
		Release|Any CPU = Release|Any CPU
	EndGlobalSection
	GlobalSection(ProjectConfigurationPlatforms) = postSolution
		{C21EDF61-D39C-4094-B10E-B07DC9F4A264}.Debug|Any CPU.ActiveCfg = Debug|Any CPU
		{C21EDF61-D39C-4094-B10E-B07DC9F4A264}.Debug|Any CPU.Build.0 = Debug|Any CPU
		{C21EDF61-D39C-4094-B10E-B07DC9F4A264}.Release|Any CPU.ActiveCfg = Release|Any CPU
		{C21EDF61-D39C-4094-B10E-B07DC9F4A264}.Release|Any CPU.Build.0 = Release|Any CPU
	EndGlobalSection
	GlobalSection(SolutionProperties) = preSolution
		HideSolutionNode = FALSE
	EndGlobalSection
	GlobalSection(ExtensibilityGlobals) = postSolution
		SolutionGuid = {E8FD5C1A-3CC3-41F7-B6A2-6BC3CF84B5CC}
	EndGlobalSection
EndGlobal
